
Microsoft Visual Studio Solution File, Format Version 12.00
# Visual Studio Version 17
VisualStudioVersion = 17.3.32804.467
MinimumVisualStudioVersion = 10.0.40219.1
Project("{9A19103F-16F7-4668-BE54-9A1E7A4F7556}") = "DolunayYerIstasyonu", "DolunayYerIstasyonu\DolunayYerIstasyonu.csproj", "{A950AEA0-A929-4FB7-9FD2-50635D848A86}"
EndProject
Global
	GlobalSection(SolutionConfigurationPlatforms) = preSolution
		Debug|Any CPU = Debug|Any CPU
		Publsh|Any CPU = Publsh|Any CPU
		Release|Any CPU = Release|Any CPU
	EndGlobalSection
	GlobalSection(ProjectConfigurationPlatforms) = postSolution
		{A950AEA0-A929-4FB7-9FD2-50635D848A86}.Debug|Any CPU.ActiveCfg = Release|Any CPU
		{A950AEA0-A929-4FB7-9FD2-50635D848A86}.Debug|Any CPU.Build.0 = Release|Any CPU
		{A950AEA0-A929-4FB7-9FD2-50635D848A86}.Publsh|Any CPU.ActiveCfg = Publsh|Any CPU
		{A950AEA0-A929-4FB7-9FD2-50635D848A86}.Publsh|Any CPU.Build.0 = Publsh|Any CPU
		{A950AEA0-A929-4FB7-9FD2-50635D848A86}.Release|Any CPU.ActiveCfg = Release|Any CPU
		{A950AEA0-A929-4FB7-9FD2-50635D848A86}.Release|Any CPU.Build.0 = Release|Any CPU
	EndGlobalSection
	GlobalSection(SolutionProperties) = preSolution
		HideSolutionNode = FALSE
	EndGlobalSection
	GlobalSection(ExtensibilityGlobals) = postSolution
		SolutionGuid = {015C103C-643C-4EFD-9E82-F3C9278D21B8}
	EndGlobalSection
EndGlobal
